
Microsoft Visual Studio Solution File, Format Version 12.00
# Visual Studio Version 16
VisualStudioVersion = 16.0.32126.315
MinimumVisualStudioVersion = 10.0.40219.1
Project("{9A19103F-16F7-4668-BE54-9A1E7A4F7556}") = "WfmManagement_Final", "WfmManagement_Final\WfmManagement_Final.csproj", "{7A9CBA9A-DF70-4A5A-ACAC-B95F2235B51E}"
EndProject
Project("{FAE04EC0-301F-11D3-BF4B-00C04F79EFBC}") = "WfmManagementAPI", "WfmManagementAPI\WfmManagementAPI.csproj", "{41267507-6EF5-424A-A377-6A1D3E8EAC20}"
EndProject
Global
	GlobalSection(SolutionConfigurationPlatforms) = preSolution
		Debug|Any CPU = Debug|Any CPU
		Release|Any CPU = Release|Any CPU
	EndGlobalSection
	GlobalSection(ProjectConfigurationPlatforms) = postSolution
		{7A9CBA9A-DF70-4A5A-ACAC-B95F2235B51E}.Debug|Any CPU.ActiveCfg = Debug|Any CPU
		{7A9CBA9A-DF70-4A5A-ACAC-B95F2235B51E}.Debug|Any CPU.Build.0 = Debug|Any CPU
		{7A9CBA9A-DF70-4A5A-ACAC-B95F2235B51E}.Release|Any CPU.ActiveCfg = Release|Any CPU
		{7A9CBA9A-DF70-4A5A-ACAC-B95F2235B51E}.Release|Any CPU.Build.0 = Release|Any CPU
		{41267507-6EF5-424A-A377-6A1D3E8EAC20}.Debug|Any CPU.ActiveCfg = Debug|Any CPU
		{41267507-6EF5-424A-A377-6A1D3E8EAC20}.Debug|Any CPU.Build.0 = Debug|Any CPU
		{41267507-6EF5-424A-A377-6A1D3E8EAC20}.Release|Any CPU.ActiveCfg = Release|Any CPU
		{41267507-6EF5-424A-A377-6A1D3E8EAC20}.Release|Any CPU.Build.0 = Release|Any CPU
	EndGlobalSection
	GlobalSection(SolutionProperties) = preSolution
		HideSolutionNode = FALSE
	EndGlobalSection
	GlobalSection(ExtensibilityGlobals) = postSolution
		SolutionGuid = {E82654EC-8BCE-43B6-B899-4796911CE7BD}
	EndGlobalSection
EndGlobal
